
Microsoft Visual Studio Solution File, Format Version 12.00
# Visual Studio Version 16
VisualStudioVersion = 16.0.29920.165
MinimumVisualStudioVersion = 10.0.40219.1
Project("{FAE04EC0-301F-11D3-BF4B-00C04F79EFBC}") = "WeatherApp.Core", "WeatherApp.Core\WeatherApp.Core.csproj", "{BE8C0407-AB42-4E88-957D-927A674A982A}"
EndProject
Project("{FAE04EC0-301F-11D3-BF4B-00C04F79EFBC}") = "WeatherApp.Common", "WeatherApp.Common\WeatherApp.Common.csproj", "{C1B693F4-720C-4CB2-BCA2-CCA0932B63CE}"
EndProject
Project("{FAE04EC0-301F-11D3-BF4B-00C04F79EFBC}") = "WeatherApp.Common.Tests", "WeatherApp.Common.Tests\WeatherApp.Common.Tests.csproj", "{322E6CFF-0ED0-478C-BD04-F4B8DE26B954}"
EndProject
Project("{2150E333-8FDC-42A3-9474-1A3956D46DE8}") = "Tests", "Tests", "{5003A4FB-3BC0-4EFB-9582-6761FCA0D015}"
EndProject
Project("{FAE04EC0-301F-11D3-BF4B-00C04F79EFBC}") = "WeatherApp.Core.Tests", "WeatherApp.Core.Tests\WeatherApp.Core.Tests.csproj", "{AB3BFB1E-6E18-4672-8D93-AE3F455A61C3}"
EndProject
Global
	GlobalSection(SolutionConfigurationPlatforms) = preSolution
		Debug|Any CPU = Debug|Any CPU
		Release|Any CPU = Release|Any CPU
	EndGlobalSection
	GlobalSection(ProjectConfigurationPlatforms) = postSolution
		{BE8C0407-AB42-4E88-957D-927A674A982A}.Debug|Any CPU.ActiveCfg = Debug|Any CPU
		{BE8C0407-AB42-4E88-957D-927A674A982A}.Debug|Any CPU.Build.0 = Debug|Any CPU
		{BE8C0407-AB42-4E88-957D-927A674A982A}.Release|Any CPU.ActiveCfg = Release|Any CPU
		{BE8C0407-AB42-4E88-957D-927A674A982A}.Release|Any CPU.Build.0 = Release|Any CPU
		{C1B693F4-720C-4CB2-BCA2-CCA0932B63CE}.Debug|Any CPU.ActiveCfg = Debug|Any CPU
		{C1B693F4-720C-4CB2-BCA2-CCA0932B63CE}.Debug|Any CPU.Build.0 = Debug|Any CPU
		{C1B693F4-720C-4CB2-BCA2-CCA0932B63CE}.Release|Any CPU.ActiveCfg = Release|Any CPU
		{C1B693F4-720C-4CB2-BCA2-CCA0932B63CE}.Release|Any CPU.Build.0 = Release|Any CPU
		{322E6CFF-0ED0-478C-BD04-F4B8DE26B954}.Debug|Any CPU.ActiveCfg = Debug|Any CPU
		{322E6CFF-0ED0-478C-BD04-F4B8DE26B954}.Debug|Any CPU.Build.0 = Debug|Any CPU
		{322E6CFF-0ED0-478C-BD04-F4B8DE26B954}.Release|Any CPU.ActiveCfg = Release|Any CPU
		{322E6CFF-0ED0-478C-BD04-F4B8DE26B954}.Release|Any CPU.Build.0 = Release|Any CPU
		{AB3BFB1E-6E18-4672-8D93-AE3F455A61C3}.Debug|Any CPU.ActiveCfg = Debug|Any CPU
		{AB3BFB1E-6E18-4672-8D93-AE3F455A61C3}.Debug|Any CPU.Build.0 = Debug|Any CPU
		{AB3BFB1E-6E18-4672-8D93-AE3F455A61C3}.Release|Any CPU.ActiveCfg = Release|Any CPU
		{AB3BFB1E-6E18-4672-8D93-AE3F455A61C3}.Release|Any CPU.Build.0 = Release|Any CPU
	EndGlobalSection
	GlobalSection(SolutionProperties) = preSolution
		HideSolutionNode = FALSE
	EndGlobalSection
	GlobalSection(NestedProjects) = preSolution
		{322E6CFF-0ED0-478C-BD04-F4B8DE26B954} = {5003A4FB-3BC0-4EFB-9582-6761FCA0D015}
		{AB3BFB1E-6E18-4672-8D93-AE3F455A61C3} = {5003A4FB-3BC0-4EFB-9582-6761FCA0D015}
	EndGlobalSection
	GlobalSection(ExtensibilityGlobals) = postSolution
		SolutionGuid = {70611FB6-1D5B-43A8-8FC3-FBA021E83D22}
	EndGlobalSection
EndGlobal
